
Microsoft Visual Studio Solution File, Format Version 12.00
# Visual Studio 2013
VisualStudioVersion = 12.0.21005.1
MinimumVisualStudioVersion = 10.0.40219.1
Project("{8BC9CEB8-8B4A-11D0-8D11-00A0C91BC942}") = "test_16_7_14", "test_16_7_14\test_16_7_14.vcxproj", "{94425DCB-586E-43B7-8D9D-30FD6169BA7F}"
EndProject
Global
	GlobalSection(SolutionConfigurationPlatforms) = preSolution
		Debug|Win32 = Debug|Win32
		Release|Win32 = Release|Win32
	EndGlobalSection
	GlobalSection(ProjectConfigurationPlatforms) = postSolution
		{94425DCB-586E-43B7-8D9D-30FD6169BA7F}.Debug|Win32.ActiveCfg = Debug|Win32
		{94425DCB-586E-43B7-8D9D-30FD6169BA7F}.Debug|Win32.Build.0 = Debug|Win32
		{94425DCB-586E-43B7-8D9D-30FD6169BA7F}.Release|Win32.ActiveCfg = Release|Win32
		{94425DCB-586E-43B7-8D9D-30FD6169BA7F}.Release|Win32.Build.0 = Release|Win32
	EndGlobalSection
	GlobalSection(SolutionProperties) = preSolution
		HideSolutionNode = FALSE
	EndGlobalSection
EndGlobal
