
Microsoft Visual Studio Solution File, Format Version 12.00
# Visual Studio 2013
VisualStudioVersion = 12.0.21005.1
MinimumVisualStudioVersion = 10.0.40219.1
Project("{8BC9CEB8-8B4A-11D0-8D11-00A0C91BC942}") = "didi_xgboost", "didi_xgboost\didi_xgboost.vcxproj", "{530E7348-3A78-474A-AE04-E24846FA3C7C}"
EndProject
Global
	GlobalSection(SolutionConfigurationPlatforms) = preSolution
		Debug|Win32 = Debug|Win32
		Release|Win32 = Release|Win32
	EndGlobalSection
	GlobalSection(ProjectConfigurationPlatforms) = postSolution
		{530E7348-3A78-474A-AE04-E24846FA3C7C}.Debug|Win32.ActiveCfg = Debug|Win32
		{530E7348-3A78-474A-AE04-E24846FA3C7C}.Debug|Win32.Build.0 = Debug|Win32
		{530E7348-3A78-474A-AE04-E24846FA3C7C}.Release|Win32.ActiveCfg = Release|Win32
		{530E7348-3A78-474A-AE04-E24846FA3C7C}.Release|Win32.Build.0 = Release|Win32
	EndGlobalSection
	GlobalSection(SolutionProperties) = preSolution
		HideSolutionNode = FALSE
	EndGlobalSection
EndGlobal
